
Microsoft Visual Studio Solution File, Format Version 12.00
# Visual Studio Version 18
VisualStudioVersion = 18.4.11612.150
MinimumVisualStudioVersion = 10.0.40219.1
Project("{FAE04EC0-301F-11D3-BF4B-00C04F79EFBC}") = "POS02_For_Restuarent", "POS02_For_Restuarent\POS02_For_Restuarent.csproj", "{06819C0B-0F7D-49E7-9C53-776BFBB4D078}"
EndProject
Global
	GlobalSection(SolutionConfigurationPlatforms) = preSolution
		Debug|Any CPU = Debug|Any CPU
		Release|Any CPU = Release|Any CPU
	EndGlobalSection
	GlobalSection(ProjectConfigurationPlatforms) = postSolution
		{06819C0B-0F7D-49E7-9C53-776BFBB4D078}.Debug|Any CPU.ActiveCfg = Debug|Any CPU
		{06819C0B-0F7D-49E7-9C53-776BFBB4D078}.Debug|Any CPU.Build.0 = Debug|Any CPU
		{06819C0B-0F7D-49E7-9C53-776BFBB4D078}.Release|Any CPU.ActiveCfg = Release|Any CPU
		{06819C0B-0F7D-49E7-9C53-776BFBB4D078}.Release|Any CPU.Build.0 = Release|Any CPU
	EndGlobalSection
	GlobalSection(SolutionProperties) = preSolution
		HideSolutionNode = FALSE
	EndGlobalSection
	GlobalSection(ExtensibilityGlobals) = postSolution
		SolutionGuid = {676E5298-5022-4A7B-824B-011832AB18A7}
	EndGlobalSection
EndGlobal
